
Microsoft Visual Studio Solution File, Format Version 12.00
# Visual Studio Version 16
VisualStudioVersion = 16.0.33529.622
MinimumVisualStudioVersion = 10.0.40219.1
Project("{2150E333-8FDC-42A3-9474-1A3956D46DE8}") = "ApiConsume", "ApiConsume", "{3F590181-D087-40B4-ABD1-7C8EF84869D8}"
EndProject
Project("{2150E333-8FDC-42A3-9474-1A3956D46DE8}") = "Frontend", "Frontend", "{481CC2A1-8108-4602-ABD4-BAE51238FB47}"
EndProject
Project("{2150E333-8FDC-42A3-9474-1A3956D46DE8}") = "ToDoList", "ToDoList", "{33696D5F-19B9-46CE-9FEA-26068CE30AFF}"
	ProjectSection(SolutionItems) = preProject
		Adımlar.txt = Adımlar.txt
	EndProjectSection
EndProject
Project("{9A19103F-16F7-4668-BE54-9A1E7A4F7556}") = "HotelProject.WebApi", "ApiConsume\HotelProject.WebApi\HotelProject.WebApi.csproj", "{2887A978-9456-41A2-B356-1379326A3CA6}"
EndProject
Project("{9A19103F-16F7-4668-BE54-9A1E7A4F7556}") = "HotelProject.EntityLayer", "ApiConsume\HotelProject.EntityLayer\HotelProject.EntityLayer.csproj", "{E20A7F55-BA76-44D3-BF30-6170183C8836}"
EndProject
Project("{9A19103F-16F7-4668-BE54-9A1E7A4F7556}") = "HotelProject.DataAccessLayer", "ApiConsume\HotelProject.DataAccessLayer\HotelProject.DataAccessLayer.csproj", "{A9693DE8-AAA5-49E8-8282-D9E7546B6BF2}"
EndProject
Project("{9A19103F-16F7-4668-BE54-9A1E7A4F7556}") = "HotelProject.BusinessLayer", "ApiConsume\HotelProject.BusinessLayer\HotelProject.BusinessLayer.csproj", "{12C756BA-0F8A-4E01-B945-B41553565C55}"
EndProject
Project("{9A19103F-16F7-4668-BE54-9A1E7A4F7556}") = "HotelProject.DtoLayer", "ApiConsume\HotelProject.DtoLayer\HotelProject.DtoLayer.csproj", "{94910054-0FFB-4B0F-B1BC-DFFBC435F986}"
EndProject
Project("{9A19103F-16F7-4668-BE54-9A1E7A4F7556}") = "HotelProject.WebUI", "Frontend\HotelProject.WebUI\HotelProject.WebUI.csproj", "{446CAFDD-DBB4-4927-8546-D948135040E2}"
EndProject
Project("{2150E333-8FDC-42A3-9474-1A3956D46DE8}") = "RapidApi", "RapidApi", "{4C29A173-F6CA-441B-9AE2-08A7FCCAD9FF}"
EndProject
Project("{FAE04EC0-301F-11D3-BF4B-00C04F79EFBC}") = "RapidApiConsume", "RapidApi\RapidApiConsume\RapidApiConsume.csproj", "{F0046850-2FC6-416E-9CE0-C729F32A7D54}"
EndProject
Global
	GlobalSection(SolutionConfigurationPlatforms) = preSolution
		Debug|Any CPU = Debug|Any CPU
		Release|Any CPU = Release|Any CPU
	EndGlobalSection
	GlobalSection(ProjectConfigurationPlatforms) = postSolution
		{2887A978-9456-41A2-B356-1379326A3CA6}.Debug|Any CPU.ActiveCfg = Debug|Any CPU
		{2887A978-9456-41A2-B356-1379326A3CA6}.Debug|Any CPU.Build.0 = Debug|Any CPU
		{2887A978-9456-41A2-B356-1379326A3CA6}.Release|Any CPU.ActiveCfg = Release|Any CPU
		{2887A978-9456-41A2-B356-1379326A3CA6}.Release|Any CPU.Build.0 = Release|Any CPU
		{E20A7F55-BA76-44D3-BF30-6170183C8836}.Debug|Any CPU.ActiveCfg = Debug|Any CPU
		{E20A7F55-BA76-44D3-BF30-6170183C8836}.Debug|Any CPU.Build.0 = Debug|Any CPU
		{E20A7F55-BA76-44D3-BF30-6170183C8836}.Release|Any CPU.ActiveCfg = Release|Any CPU
		{E20A7F55-BA76-44D3-BF30-6170183C8836}.Release|Any CPU.Build.0 = Release|Any CPU
		{A9693DE8-AAA5-49E8-8282-D9E7546B6BF2}.Debug|Any CPU.ActiveCfg = Debug|Any CPU
		{A9693DE8-AAA5-49E8-8282-D9E7546B6BF2}.Debug|Any CPU.Build.0 = Debug|Any CPU
		{A9693DE8-AAA5-49E8-8282-D9E7546B6BF2}.Release|Any CPU.ActiveCfg = Release|Any CPU
		{A9693DE8-AAA5-49E8-8282-D9E7546B6BF2}.Release|Any CPU.Build.0 = Release|Any CPU
		{12C756BA-0F8A-4E01-B945-B41553565C55}.Debug|Any CPU.ActiveCfg = Debug|Any CPU
		{12C756BA-0F8A-4E01-B945-B41553565C55}.Debug|Any CPU.Build.0 = Debug|Any CPU
		{12C756BA-0F8A-4E01-B945-B41553565C55}.Release|Any CPU.ActiveCfg = Release|Any CPU
		{12C756BA-0F8A-4E01-B945-B41553565C55}.Release|Any CPU.Build.0 = Release|Any CPU
		{94910054-0FFB-4B0F-B1BC-DFFBC435F986}.Debug|Any CPU.ActiveCfg = Debug|Any CPU
		{94910054-0FFB-4B0F-B1BC-DFFBC435F986}.Debug|Any CPU.Build.0 = Debug|Any CPU
		{94910054-0FFB-4B0F-B1BC-DFFBC435F986}.Release|Any CPU.ActiveCfg = Release|Any CPU
		{94910054-0FFB-4B0F-B1BC-DFFBC435F986}.Release|Any CPU.Build.0 = Release|Any CPU
		{446CAFDD-DBB4-4927-8546-D948135040E2}.Debug|Any CPU.ActiveCfg = Debug|Any CPU
		{446CAFDD-DBB4-4927-8546-D948135040E2}.Debug|Any CPU.Build.0 = Debug|Any CPU
		{446CAFDD-DBB4-4927-8546-D948135040E2}.Release|Any CPU.ActiveCfg = Release|Any CPU
		{446CAFDD-DBB4-4927-8546-D948135040E2}.Release|Any CPU.Build.0 = Release|Any CPU
		{F0046850-2FC6-416E-9CE0-C729F32A7D54}.Debug|Any CPU.ActiveCfg = Debug|Any CPU
		{F0046850-2FC6-416E-9CE0-C729F32A7D54}.Debug|Any CPU.Build.0 = Debug|Any CPU
		{F0046850-2FC6-416E-9CE0-C729F32A7D54}.Release|Any CPU.ActiveCfg = Release|Any CPU
		{F0046850-2FC6-416E-9CE0-C729F32A7D54}.Release|Any CPU.Build.0 = Release|Any CPU
	EndGlobalSection
	GlobalSection(SolutionProperties) = preSolution
		HideSolutionNode = FALSE
	EndGlobalSection
	GlobalSection(NestedProjects) = preSolution
		{2887A978-9456-41A2-B356-1379326A3CA6} = {3F590181-D087-40B4-ABD1-7C8EF84869D8}
		{E20A7F55-BA76-44D3-BF30-6170183C8836} = {3F590181-D087-40B4-ABD1-7C8EF84869D8}
		{A9693DE8-AAA5-49E8-8282-D9E7546B6BF2} = {3F590181-D087-40B4-ABD1-7C8EF84869D8}
		{12C756BA-0F8A-4E01-B945-B41553565C55} = {3F590181-D087-40B4-ABD1-7C8EF84869D8}
		{94910054-0FFB-4B0F-B1BC-DFFBC435F986} = {3F590181-D087-40B4-ABD1-7C8EF84869D8}
		{446CAFDD-DBB4-4927-8546-D948135040E2} = {481CC2A1-8108-4602-ABD4-BAE51238FB47}
		{F0046850-2FC6-416E-9CE0-C729F32A7D54} = {4C29A173-F6CA-441B-9AE2-08A7FCCAD9FF}
	EndGlobalSection
	GlobalSection(ExtensibilityGlobals) = postSolution
		SolutionGuid = {74F70858-9012-456D-A064-3E49A35E60A0}
	EndGlobalSection
EndGlobal
